
Microsoft Visual Studio Solution File, Format Version 12.00
# Visual Studio Version 16
VisualStudioVersion = 16.0.30413.136
MinimumVisualStudioVersion = 10.0.40219.1
Project("{FAE04EC0-301F-11D3-BF4B-00C04F79EFBC}") = "WebApplication2", "WebApplication2\WebApplication2.csproj", "{700BC26B-C7DC-48B5-833E-9124C4D781F8}"
EndProject
Global
	GlobalSection(SolutionConfigurationPlatforms) = preSolution
		Debug|Any CPU = Debug|Any CPU
		Release|Any CPU = Release|Any CPU
	EndGlobalSection
	GlobalSection(ProjectConfigurationPlatforms) = postSolution
		{700BC26B-C7DC-48B5-833E-9124C4D781F8}.Debug|Any CPU.ActiveCfg = Debug|Any CPU
		{700BC26B-C7DC-48B5-833E-9124C4D781F8}.Debug|Any CPU.Build.0 = Debug|Any CPU
		{700BC26B-C7DC-48B5-833E-9124C4D781F8}.Release|Any CPU.ActiveCfg = Release|Any CPU
		{700BC26B-C7DC-48B5-833E-9124C4D781F8}.Release|Any CPU.Build.0 = Release|Any CPU
	EndGlobalSection
	GlobalSection(SolutionProperties) = preSolution
		HideSolutionNode = FALSE
	EndGlobalSection
	GlobalSection(ExtensibilityGlobals) = postSolution
		SolutionGuid = {85CCB727-D4C3-4140-AFF5-525DC05D5864}
	EndGlobalSection
EndGlobal
